// !$*UTF8*$!
{
	archiveVersion = 1;
	classes = {
	};
	objectVersion = 50;
	objects = {

/* Begin PBXBuildFile section */
		32BD2A712346B95600671848 /* AppDelegate.swift in Sources */ = {isa = PBXBuildFile; fileRef = 32BD2A702346B95600671848 /* AppDelegate.swift */; };
		32BD2A732346B95600671848 /* ViewController.swift in Sources */ = {isa = PBXBuildFile; fileRef = 32BD2A722346B95600671848 /* ViewController.swift */; };
		32BD2A762346B95600671848 /* Main.storyboard in Resources */ = {isa = PBXBuildFile; fileRef = 32BD2A742346B95600671848 /* Main.storyboard */; };
		32BD2A792346B95600671848 /* Notes.xcdatamodeld in Sources */ = {isa = PBXBuildFile; fileRef = 32BD2A772346B95600671848 /* Notes.xcdatamodeld */; };
		32BD2A7B2346B95700671848 /* Assets.xcassets in Resources */ = {isa = PBXBuildFile; fileRef = 32BD2A7A2346B95700671848 /* Assets.xcassets */; };
		32BD2A7E2346B95700671848 /* LaunchScreen.storyboard in Resources */ = {isa = PBXBuildFile; fileRef = 32BD2A7C2346B95700671848 /* LaunchScreen.storyboard */; };
		32BD2A892346B95700671848 /* NotesTests.swift in Sources */ = {isa = PBXBuildFile; fileRef = 32BD2A882346B95700671848 /* NotesTests.swift */; };
		32BD2A942346B95700671848 /* NotesUITests.swift in Sources */ = {isa = PBXBuildFile; fileRef = 32BD2A932346B95700671848 /* NotesUITests.swift */; };
/* End PBXBuildFile section */

/* Begin PBXContainerItemProxy section */
		32BD2A852346B95700671848 /* PBXContainerItemProxy */ = {
			isa = PBXContainerItemProxy;
			containerPortal = 32BD2A652346B95600671848 /* Project object */;
			proxyType = 1;
			remoteGlobalIDString = 32BD2A6C2346B95600671848;
			remoteInfo = Notes;
		};
		32BD2A902346B95700671848 /* PBXContainerItemProxy */ = {
			isa = PBXContainerItemProxy;
			containerPortal = 32BD2A652346B95600671848 /* Project object */;
			proxyType = 1;
			remoteGlobalIDString = 32BD2A6C2346B95600671848;
			remoteInfo = Notes;
		};
/* End PBXContainerItemProxy section */

/* Begin PBXFileReference section */
		32BD2A6D2346B95600671848 /* Notes.app */ = {isa = PBXFileReference; explicitFileType = wrapper.application; includeInIndex = 0; path = Notes.app; sourceTree = BUILT_PRODUCTS_DIR; };
		32BD2A702346B95600671848 /* AppDelegate.swift */ = {isa = PBXFileReference; lastKnownFileType = sourcecode.swift; path = AppDelegate.swift; sourceTree = "<group>"; };
		32BD2A722346B95600671848 /* ViewController.swift */ = {isa = PBXFileReference; lastKnownFileType = sourcecode.swift; path = ViewController.swift; sourceTree = "<group>"; };
		32BD2A752346B95600671848 /* Base */ = {isa = PBXFileReference; lastKnownFileType = file.storyboard; name = Base; path = Base.lproj/Main.storyboard; sourceTree = "<group>"; };
		32BD2A782346B95600671848 /* Notes.xcdatamodel */ = {isa = PBXFileReference; lastKnownFileType = wrapper.xcdatamodel; path = Notes.xcdatamodel; sourceTree = "<group>"; };
		32BD2A7A2346B95700671848 /* Assets.xcassets */ = {isa = PBXFileReference; lastKnownFileType = folder.assetcatalog; path = Assets.xcassets; sourceTree = "<group>"; };
		32BD2A7D2346B95700671848 /* Base */ = {isa = PBXFileReference; lastKnownFileType = file.storyboard; name = Base; path = Base.lproj/LaunchScreen.storyboard; sourceTree = "<group>"; };
		32BD2A7F2346B95700671848 /* Info.plist */ = {isa = PBXFileReference; lastKnownFileType = text.plist.xml; path = Info.plist; sourceTree = "<group>"; };
		32BD2A842346B95700671848 /* NotesTests.xctest */ = {isa = PBXFileReference; explicitFileType = wrapper.cfbundle; includeInIndex = 0; path = NotesTests.xctest; sourceTree = BUILT_PRODUCTS_DIR; };
		32BD2A882346B95700671848 /* NotesTests.swift */ = {isa = PBXFileReference; lastKnownFileType = sourcecode.swift; path = NotesTests.swift; sourceTree = "<group>"; };
		32BD2A8A2346B95700671848 /* Info.plist */ = {isa = PBXFileReference; lastKnownFileType = text.plist.xml; path = Info.plist; sourceTree = "<group>"; };
		32BD2A8F2346B95700671848 /* NotesUITests.xctest */ = {isa = PBXFileReference; explicitFileType = wrapper.cfbundle; includeInIndex = 0; path = NotesUITests.xctest; sourceTree = BUILT_PRODUCTS_DIR; };
		32BD2A932346B95700671848 /* NotesUITests.swift */ = {isa = PBXFileReference; lastKnownFileType = sourcecode.swift; path = NotesUITests.swift; sourceTree = "<group>"; };
		32BD2A952346B95700671848 /* Info.plist */ = {isa = PBXFileReference; lastKnownFileType = text.plist.xml; path = Info.plist; sourceTree = "<group>"; };
/* End PBXFileReference section */

/* Begin PBXFrameworksBuildPhase section */
		32BD2A6A2346B95600671848 /* Frameworks */ = {
			isa = PBXFrameworksBuildPhase;
			buildActionMask = 2147483647;
			files = (
			);
			runOnlyForDeploymentPostprocessing = 0;
		};
		32BD2A812346B95700671848 /* Frameworks */ = {
			isa = PBXFrameworksBuildPhase;
			buildActionMask = 2147483647;
			files = (
			);
			runOnlyForDeploymentPostprocessing = 0;
		};
		32BD2A8C2346B95700671848 /* Frameworks */ = {
			isa = PBXFrameworksBuildPhase;
			buildActionMask = 2147483647;
			files = (
			);
			runOnlyForDeploymentPostprocessing = 0;
		};
/* End PBXFrameworksBuildPhase section */

/* Begin PBXGroup section */
		32BD2A642346B95600671848 = {
			isa = PBXGroup;
			children = (
				32BD2A6F2346B95600671848 /* Notes */,
				32BD2A872346B95700671848 /* NotesTests */,
				32BD2A922346B95700671848 /* NotesUITests */,
				32BD2A6E2346B95600671848 /* Products */,
			);
			sourceTree = "<group>";
		};
		32BD2A6E2346B95600671848 /* Products */ = {
			isa = PBXGroup;
			children = (
				32BD2A6D2346B95600671848 /* Notes.app */,
				32BD2A842346B95700671848 /* NotesTests.xctest */,
				32BD2A8F2346B95700671848 /* NotesUITests.xctest */,
			);
			name = Products;
			sourceTree = "<group>";
		};
		32BD2A6F2346B95600671848 /* Notes */ = {
			isa = PBXGroup;
			children = (
				32BD2A702346B95600671848 /* AppDelegate.swift */,
				32BD2A722346B95600671848 /* ViewController.swift */,
				32BD2A742346B95600671848 /* Main.storyboard */,
				32BD2A7A2346B95700671848 /* Assets.xcassets */,
				32BD2A7C2346B95700671848 /* LaunchScreen.storyboard */,
				32BD2A7F2346B95700671848 /* Info.plist */,
				32BD2A772346B95600671848 /* Notes.xcdatamodeld */,
			);
			path = Notes;
			sourceTree = "<group>";
		};
		32BD2A872346B95700671848 /* NotesTests */ = {
			isa = PBXGroup;
			children = (
				32BD2A882346B95700671848 /* NotesTests.swift */,
				32BD2A8A2346B95700671848 /* Info.plist */,
			);
			path = NotesTests;
			sourceTree = "<group>";
		};
		32BD2A922346B95700671848 /* NotesUITests */ = {
			isa = PBXGroup;
			children = (
				32BD2A932346B95700671848 /* NotesUITests.swift */,
				32BD2A952346B95700671848 /* Info.plist */,
			);
			path = NotesUITests;
			sourceTree = "<group>";
		};
/* End PBXGroup section */

/* Begin PBXNativeTarget section */
		32BD2A6C2346B95600671848 /* Notes */ = {
			isa = PBXNativeTarget;
			buildConfigurationList = 32BD2A982346B95700671848 /* Build configuration list for PBXNativeTarget "Notes" */;
			buildPhases = (
				32BD2A692346B95600671848 /* Sources */,
				32BD2A6A2346B95600671848 /* Frameworks */,
				32BD2A6B2346B95600671848 /* Resources */,
			);
			buildRules = (
			);
			dependencies = (
			);
			name = Notes;
			productName = Notes;
			productReference = 32BD2A6D2346B95600671848 /* Notes.app */;
			productType = "com.apple.product-type.application";
		};
		32BD2A832346B95700671848 /* NotesTests */ = {
			isa = PBXNativeTarget;
			buildConfigurationList = 32BD2A9B2346B95700671848 /* Build configuration list for PBXNativeTarget "NotesTests" */;
			buildPhases = (
				32BD2A802346B95700671848 /* Sources */,
				32BD2A812346B95700671848 /* Frameworks */,
				32BD2A822346B95700671848 /* Resources */,
			);
			buildRules = (
			);
			dependencies = (
				32BD2A862346B95700671848 /* PBXTargetDependency */,
			);
			name = NotesTests;
			productName = NotesTests;
			productReference = 32BD2A842346B95700671848 /* NotesTests.xctest */;
			productType = "com.apple.product-type.bundle.unit-test";
		};
		32BD2A8E2346B95700671848 /* NotesUITests */ = {
			isa = PBXNativeTarget;
			buildConfigurationList = 32BD2A9E2346B95700671848 /* Build configuration list for PBXNativeTarget "NotesUITests" */;
			buildPhases = (
				32BD2A8B2346B95700671848 /* Sources */,
				32BD2A8C2346B95700671848 /* Frameworks */,
				32BD2A8D2346B95700671848 /* Resources */,
			);
			buildRules = (
			);
			dependencies = (
				32BD2A912346B95700671848 /* PBXTargetDependency */,
			);
			name = NotesUITests;
			productName = NotesUITests;
			productReference = 32BD2A8F2346B95700671848 /* NotesUITests.xctest */;
			productType = "com.apple.product-type.bundle.ui-testing";
		};
/* End PBXNativeTarget section */

/* Begin PBXProject section */
		32BD2A652346B95600671848 /* Project object */ = {
			isa = PBXProject;
			attributes = {
				LastSwiftUpdateCheck = 1030;
				LastUpgradeCheck = 1030;
				ORGANIZATIONNAME = "Juian Barco";
				TargetAttributes = {
					32BD2A6C2346B95600671848 = {
						CreatedOnToolsVersion = 10.3;
					};
					32BD2A832346B95700671848 = {
						CreatedOnToolsVersion = 10.3;
						TestTargetID = 32BD2A6C2346B95600671848;
					};
					32BD2A8E2346B95700671848 = {
						CreatedOnToolsVersion = 10.3;
						TestTargetID = 32BD2A6C2346B95600671848;
					};
				};
			};
			buildConfigurationList = 32BD2A682346B95600671848 /* Build configuration list for PBXProject "Notes" */;
			compatibilityVersion = "Xcode 9.3";
			developmentRegion = en;
			hasScannedForEncodings = 0;
			knownRegions = (
				en,
				Base,
			);
			mainGroup = 32BD2A642346B95600671848;
			productRefGroup = 32BD2A6E2346B95600671848 /* Products */;
			projectDirPath = "";
			projectRoot = "";
			targets = (
				32BD2A6C2346B95600671848 /* Notes */,
				32BD2A832346B95700671848 /* NotesTests */,
				32BD2A8E2346B95700671848 /* NotesUITests */,
			);
		};
/* End PBXProject section */

/* Begin PBXResourcesBuildPhase section */
		32BD2A6B2346B95600671848 /* Resources */ = {
			isa = PBXResourcesBuildPhase;
			buildActionMask = 2147483647;
			files = (
				32BD2A7E2346B95700671848 /* LaunchScreen.storyboard in Resources */,
				32BD2A7B2346B95700671848 /* Assets.xcassets in Resources */,
				32BD2A762346B95600671848 /* Main.storyboard in Resources */,
			);
			runOnlyForDeploymentPostprocessing = 0;
		};
		32BD2A822346B95700671848 /* Resources */ = {
			isa = PBXResourcesBuildPhase;
			buildActionMask = 2147483647;
			files = (
			);
			runOnlyForDeploymentPostprocessing = 0;
		};
		32BD2A8D2346B95700671848 /* Resources */ = {
			isa = PBXResourcesBuildPhase;
			buildActionMask = 2147483647;
			files = (
			);
			runOnlyForDeploymentPostprocessing = 0;
		};
/* End PBXResourcesBuildPhase section */

/* Begin PBXSourcesBuildPhase section */
		32BD2A692346B95600671848 /* Sources */ = {
			isa = PBXSourcesBuildPhase;
			buildActionMask = 2147483647;
			files = (
				32BD2A732346B95600671848 /* ViewController.swift in Sources */,
				32BD2A792346B95600671848 /* Notes.xcdatamodeld in Sources */,
				32BD2A712346B95600671848 /* AppDelegate.swift in Sources */,
			);
			runOnlyForDeploymentPostprocessing = 0;
		};
		32BD2A802346B95700671848 /* Sources */ = {
			isa = PBXSourcesBuildPhase;
			buildActionMask = 2147483647;
			files = (
				32BD2A892346B95700671848 /* NotesTests.swift in Sources */,
			);
			runOnlyForDeploymentPostprocessing = 0;
		};
		32BD2A8B2346B95700671848 /* Sources */ = {
			isa = PBXSourcesBuildPhase;
			buildActionMask = 2147483647;
			files = (
				32BD2A942346B95700671848 /* NotesUITests.swift in Sources */,
			);
			runOnlyForDeploymentPostprocessing = 0;
		};
/* End PBXSourcesBuildPhase section */

/* Begin PBXTargetDependency section */
		32BD2A862346B95700671848 /* PBXTargetDependency */ = {
			isa = PBXTargetDependency;
			target = 32BD2A6C2346B95600671848 /* Notes */;
			targetProxy = 32BD2A852346B95700671848 /* PBXContainerItemProxy */;
		};
		32BD2A912346B95700671848 /* PBXTargetDependency */ = {
			isa = PBXTargetDependency;
			target = 32BD2A6C2346B95600671848 /* Notes */;
			targetProxy = 32BD2A902346B95700671848 /* PBXContainerItemProxy */;
		};
/* End PBXTargetDependency section */

/* Begin PBXVariantGroup section */
		32BD2A742346B95600671848 /* Main.storyboard */ = {
			isa = PBXVariantGroup;
			children = (
				32BD2A752346B95600671848 /* Base */,
			);
			name = Main.storyboard;
			sourceTree = "<group>";
		};
		32BD2A7C2346B95700671848 /* LaunchScreen.storyboard */ = {
			isa = PBXVariantGroup;
			children = (
				32BD2A7D2346B95700671848 /* Base */,
			);
			name = LaunchScreen.storyboard;
			sourceTree = "<group>";
		};
/* End PBXVariantGroup section */

/* Begin XCBuildConfiguration section */
		32BD2A962346B95700671848 /* Debug */ = {
			isa = XCBuildConfiguration;
			buildSettings = {
				ALWAYS_SEARCH_USER_PATHS = NO;
				CLANG_ANALYZER_NONNULL = YES;
				CLANG_ANALYZER_NUMBER_OBJECT_CONVERSION = YES_AGGRESSIVE;
				CLANG_CXX_LANGUAGE_STANDARD = "gnu++14";
				CLANG_CXX_LIBRARY = "libc++";
				CLANG_ENABLE_MODULES = YES;
				CLANG_ENABLE_OBJC_ARC = YES;
				CLANG_ENABLE_OBJC_WEAK = YES;
				CLANG_WARN_BLOCK_CAPTURE_AUTORELEASING = YES;
				CLANG_WARN_BOOL_CONVERSION = YES;
				CLANG_WARN_COMMA = YES;
				CLANG_WARN_CONSTANT_CONVERSION = YES;
				CLANG_WARN_DEPRECATED_OBJC_IMPLEMENTATIONS = YES;
				CLANG_WARN_DIRECT_OBJC_ISA_USAGE = YES_ERROR;
				CLANG_WARN_DOCUMENTATION_COMMENTS = YES;
				CLANG_WARN_EMPTY_BODY = YES;
				CLANG_WARN_ENUM_CONVERSION = YES;
				CLANG_WARN_INFINITE_RECURSION = YES;
				CLANG_WARN_INT_CONVERSION = YES;
				CLANG_WARN_NON_LITERAL_NULL_CONVERSION = YES;
				CLANG_WARN_OBJC_IMPLICIT_RETAIN_SELF = YES;
				CLANG_WARN_OBJC_LITERAL_CONVERSION = YES;
				CLANG_WARN_OBJC_ROOT_CLASS = YES_ERROR;
				CLANG_WARN_RANGE_LOOP_ANALYSIS = YES;
				CLANG_WARN_STRICT_PROTOTYPES = YES;
				CLANG_WARN_SUSPICIOUS_MOVE = YES;
				CLANG_WARN_UNGUARDED_AVAILABILITY = YES_AGGRESSIVE;
				CLANG_WARN_UNREACHABLE_CODE = YES;
				CLANG_WARN__DUPLICATE_METHOD_MATCH = YES;
				CODE_SIGN_IDENTITY = "iPhone Developer";
				COPY_PHASE_STRIP = NO;
				DEBUG_INFORMATION_FORMAT = dwarf;
				ENABLE_STRICT_OBJC_MSGSEND = YES;
				ENABLE_TESTABILITY = YES;
				GCC_C_LANGUAGE_STANDARD = gnu11;
				GCC_DYNAMIC_NO_PIC = NO;
				GCC_NO_COMMON_BLOCKS = YES;
				GCC_OPTIMIZATION_LEVEL = 0;
				GCC_PREPROCESSOR_DEFINITIONS = (
					"DEBUG=1",
					"$(inherited)",
				);
				GCC_WARN_64_TO_32_BIT_CONVERSION = YES;
				GCC_WARN_ABOUT_RETURN_TYPE = YES_ERROR;
				GCC_WARN_UNDECLARED_SELECTOR = YES;
				GCC_WARN_UNINITIALIZED_AUTOS = YES_AGGRESSIVE;
				GCC_WARN_UNUSED_FUNCTION = YES;
				GCC_WARN_UNUSED_VARIABLE = YES;
				IPHONEOS_DEPLOYMENT_TARGET = 12.4;
				MTL_ENABLE_DEBUG_INFO = INCLUDE_SOURCE;
				MTL_FAST_MATH = YES;
				ONLY_ACTIVE_ARCH = YES;
				SDKROOT = iphoneos;
				SWIFT_ACTIVE_COMPILATION_CONDITIONS = DEBUG;
				SWIFT_OPTIMIZATION_LEVEL = "-Onone";
			};
			name = Debug;
		};
		32BD2A972346B95700671848 /* Release */ = {
			isa = XCBuildConfiguration;
			buildSettings = {
				ALWAYS_SEARCH_USER_PATHS = NO;
				CLANG_ANALYZER_NONNULL = YES;
				CLANG_ANALYZER_NUMBER_OBJECT_CONVERSION = YES_AGGRESSIVE;
				CLANG_CXX_LANGUAGE_STANDARD = "gnu++14";
				CLANG_CXX_LIBRARY = "libc++";
				CLANG_ENABLE_MODULES = YES;
				CLANG_ENABLE_OBJC_ARC = YES;
				CLANG_ENABLE_OBJC_WEAK = YES;
				CLANG_WARN_BLOCK_CAPTURE_AUTORELEASING = YES;
				CLANG_WARN_BOOL_CONVERSION = YES;
				CLANG_WARN_COMMA = YES;
				CLANG_WARN_CONSTANT_CONVERSION = YES;
				CLANG_WARN_DEPRECATED_OBJC_IMPLEMENTATIONS = YES;
				CLANG_WARN_DIRECT_OBJC_ISA_USAGE = YES_ERROR;
				CLANG_WARN_DOCUMENTATION_COMMENTS = YES;
				CLANG_WARN_EMPTY_BODY = YES;
				CLANG_WARN_ENUM_CONVERSION = YES;
				CLANG_WARN_INFINITE_RECURSION = YES;
				CLANG_WARN_INT_CONVERSION = YES;
				CLANG_WARN_NON_LITERAL_NULL_CONVERSION = YES;
				CLANG_WARN_OBJC_IMPLICIT_RETAIN_SELF = YES;
				CLANG_WARN_OBJC_LITERAL_CONVERSION = YES;
				CLANG_WARN_OBJC_ROOT_CLASS = YES_ERROR;
				CLANG_WARN_RANGE_LOOP_ANALYSIS = YES;
				CLANG_WARN_STRICT_PROTOTYPES = YES;
				CLANG_WARN_SUSPICIOUS_MOVE = YES;
				CLANG_WARN_UNGUARDED_AVAILABILITY = YES_AGGRESSIVE;
				CLANG_WARN_UNREACHABLE_CODE = YES;
				CLANG_WARN__DUPLICATE_METHOD_MATCH = YES;
				CODE_SIGN_IDENTITY = "iPhone Developer";
				COPY_PHASE_STRIP = NO;
				DEBUG_INFORMATION_FORMAT = "dwarf-with-dsym";
				ENABLE_NS_ASSERTIONS = NO;
				ENABLE_STRICT_OBJC_MSGSEND = YES;
				GCC_C_LANGUAGE_STANDARD = gnu11;
				GCC_NO_COMMON_BLOCKS = YES;
				GCC_WARN_64_TO_32_BIT_CONVERSION = YES;
				GCC_WARN_ABOUT_RETURN_TYPE = YES_ERROR;
				GCC_WARN_UNDECLARED_SELECTOR = YES;
				GCC_WARN_UNINITIALIZED_AUTOS = YES_AGGRESSIVE;
				GCC_WARN_UNUSED_FUNCTION = YES;
				GCC_WARN_UNUSED_VARIABLE = YES;
				IPHONEOS_DEPLOYMENT_TARGET = 12.4;
				MTL_ENABLE_DEBUG_INFO = NO;
				MTL_FAST_MATH = YES;
				SDKROOT = iphoneos;
				SWIFT_COMPILATION_MODE = wholemodule;
				SWIFT_OPTIMIZATION_LEVEL = "-O";
				VALIDATE_PRODUCT = YES;
			};
			name = Release;
		};
		32BD2A992346B95700671848 /* Debug */ = {
			isa = XCBuildConfiguration;
			buildSettings = {
				ASSETCATALOG_COMPILER_APPICON_NAME = AppIcon;
				CODE_SIGN_STYLE = Automatic;
				DEVELOPMENT_TEAM = FLG9SXDPVM;
				INFOPLIST_FILE = Notes/Info.plist;
				LD_RUNPATH_SEARCH_PATHS = (
					"$(inherited)",
					"@executable_path/Frameworks",
				);
				PRODUCT_BUNDLE_IDENTIFIER = courseSwift.notes.Notes;
				PRODUCT_NAME = "$(TARGET_NAME)";
				SWIFT_VERSION = 5.0;
				TARGETED_DEVICE_FAMILY = "1,2";
			};
			name = Debug;
		};
		32BD2A9A2346B95700671848 /* Release */ = {
			isa = XCBuildConfiguration;
			buildSettings = {
				ASSETCATALOG_COMPILER_APPICON_NAME = AppIcon;
				CODE_SIGN_STYLE = Automatic;
				DEVELOPMENT_TEAM = FLG9SXDPVM;
				INFOPLIST_FILE = Notes/Info.plist;
				LD_RUNPATH_SEARCH_PATHS = (
					"$(inherited)",
					"@executable_path/Frameworks",
				);
				PRODUCT_BUNDLE_IDENTIFIER = courseSwift.notes.Notes;
				PRODUCT_NAME = "$(TARGET_NAME)";
				SWIFT_VERSION = 5.0;
				TARGETED_DEVICE_FAMILY = "1,2";
			};
			name = Release;
		};
		32BD2A9C2346B95700671848 /* Debug */ = {
			isa = XCBuildConfiguration;
			buildSettings = {
				ALWAYS_EMBED_SWIFT_STANDARD_LIBRARIES = YES;
				BUNDLE_LOADER = "$(TEST_HOST)";
				CODE_SIGN_STYLE = Automatic;
				DEVELOPMENT_TEAM = FLG9SXDPVM;
				INFOPLIST_FILE = NotesTests/Info.plist;
				LD_RUNPATH_SEARCH_PATHS = (
					"$(inherited)",
					"@executable_path/Frameworks",
					"@loader_path/Frameworks",
				);
				PRODUCT_BUNDLE_IDENTIFIER = courseSwift.notes.NotesTests;
				PRODUCT_NAME = "$(TARGET_NAME)";
				SWIFT_VERSION = 5.0;
				TARGETED_DEVICE_FAMILY = "1,2";
				TEST_HOST = "$(BUILT_PRODUCTS_DIR)/Notes.app/Notes";
			};
			name = Debug;
		};
		32BD2A9D2346B95700671848 /* Release */ = {
			isa = XCBuildConfiguration;
			buildSettings = {
				ALWAYS_EMBED_SWIFT_STANDARD_LIBRARIES = YES;
				BUNDLE_LOADER = "$(TEST_HOST)";
				CODE_SIGN_STYLE = Automatic;
				DEVELOPMENT_TEAM = FLG9SXDPVM;
				INFOPLIST_FILE = NotesTests/Info.plist;
				LD_RUNPATH_SEARCH_PATHS = (
					"$(inherited)",
					"@executable_path/Frameworks",
					"@loader_path/Frameworks",
				);
				PRODUCT_BUNDLE_IDENTIFIER = courseSwift.notes.NotesTests;
				PRODUCT_NAME = "$(TARGET_NAME)";
				SWIFT_VERSION = 5.0;
				TARGETED_DEVICE_FAMILY = "1,2";
				TEST_HOST = "$(BUILT_PRODUCTS_DIR)/Notes.app/Notes";
			};
			name = Release;
		};
		32BD2A9F2346B95700671848 /* Debug */ = {
			isa = XCBuildConfiguration;
			buildSettings = {
				ALWAYS_EMBED_SWIFT_STANDARD_LIBRARIES = YES;
				CODE_SIGN_STYLE = Automatic;
				DEVELOPMENT_TEAM = FLG9SXDPVM;
				INFOPLIST_FILE = NotesUITests/Info.plist;
				LD_RUNPATH_SEARCH_PATHS = (
					"$(inherited)",
					"@executable_path/Frameworks",
					"@loader_path/Frameworks",
				);
				PRODUCT_BUNDLE_IDENTIFIER = courseSwift.notes.NotesUITests;
				PRODUCT_NAME = "$(TARGET_NAME)";
				SWIFT_VERSION = 5.0;
				TARGETED_DEVICE_FAMILY = "1,2";
				TEST_TARGET_NAME = Notes;
			};
			name = Debug;
		};
		32BD2AA02346B95700671848 /* Release */ = {
			isa = XCBuildConfiguration;
			buildSettings = {
				ALWAYS_EMBED_SWIFT_STANDARD_LIBRARIES = YES;
				CODE_SIGN_STYLE = Automatic;
				DEVELOPMENT_TEAM = FLG9SXDPVM;
				INFOPLIST_FILE = NotesUITests/Info.plist;
				LD_RUNPATH_SEARCH_PATHS = (
					"$(inherited)",
					"@executable_path/Frameworks",
					"@loader_path/Frameworks",
				);
				PRODUCT_BUNDLE_IDENTIFIER = courseSwift.notes.NotesUITests;
				PRODUCT_NAME = "$(TARGET_NAME)";
				SWIFT_VERSION = 5.0;
				TARGETED_DEVICE_FAMILY = "1,2";
				TEST_TARGET_NAME = Notes;
			};
			name = Release;
		};
/* End XCBuildConfiguration section */

/* Begin XCConfigurationList section */
		32BD2A682346B95600671848 /* Build configuration list for PBXProject "Notes" */ = {
			isa = XCConfigurationList;
			buildConfigurations = (
				32BD2A962346B95700671848 /* Debug */,
				32BD2A972346B95700671848 /* Release */,
			);
			defaultConfigurationIsVisible = 0;
			defaultConfigurationName = Release;
		};
		32BD2A982346B95700671848 /* Build configuration list for PBXNativeTarget "Notes" */ = {
			isa = XCConfigurationList;
			buildConfigurations = (
				32BD2A992346B95700671848 /* Debug */,
				32BD2A9A2346B95700671848 /* Release */,
			);
			defaultConfigurationIsVisible = 0;
			defaultConfigurationName = Release;
		};
		32BD2A9B2346B95700671848 /* Build configuration list for PBXNativeTarget "NotesTests" */ = {
			isa = XCConfigurationList;
			buildConfigurations = (
				32BD2A9C2346B95700671848 /* Debug */,
				32BD2A9D2346B95700671848 /* Release */,
			);
			defaultConfigurationIsVisible = 0;
			defaultConfigurationName = Release;
		};
		32BD2A9E2346B95700671848 /* Build configuration list for PBXNativeTarget "NotesUITests" */ = {
			isa = XCConfigurationList;
			buildConfigurations = (
				32BD2A9F2346B95700671848 /* Debug */,
				32BD2AA02346B95700671848 /* Release */,
			);
			defaultConfigurationIsVisible = 0;
			defaultConfigurationName = Release;
		};
/* End XCConfigurationList section */

/* Begin XCVersionGroup section */
		32BD2A772346B95600671848 /* Notes.xcdatamodeld */ = {
			isa = XCVersionGroup;
			children = (
				32BD2A782346B95600671848 /* Notes.xcdatamodel */,
			);
			currentVersion = 32BD2A782346B95600671848 /* Notes.xcdatamodel */;
			path = Notes.xcdatamodeld;
			sourceTree = "<group>";
			versionGroupType = wrapper.xcdatamodel;
		};
/* End XCVersionGroup section */
	};
	rootObject = 32BD2A652346B95600671848 /* Project object */;
}
